version = 1
requires-python = ">=3.13"
resolution-markers = [
    "platform_python_implementation == 'PyPy'",
    "platform_python_implementation != 'PyPy'",
]

[[package]]
name = "idna"
version = "3.10"
source = { registry = "https://pypi.org/simple" }
sdist = { url = "https://files.pythonhosted.org/packages/f1/70/7703c29685631f5a7590aa73f1f1d3fa9a380e654b86af429e0934a32f7d/idna-3.10.tar.gz", hash = "sha256:12f65c9b470abda6dc35cf8e63cc574b1c52b11df2c86030af0ac09b01b13ea9", size = 190490 }
wheels = [
    { url = "https://files.pythonhosted.org/packages/76/c6/c88e154df9c4e1a2a66ccf0005a88dfb2650c1dffb6f5ce603dfbd452ce3/idna-3.10-py3-none-any.whl", hash = "sha256:946d195a0d259cbba61165e88e65941f16e9b36ea6ddb97f00452bae8b1287d3", size = 70442 },
]

[[package]]
name = "multidict"
version = "6.1.0"
source = { registry = "https://pypi.org/simple" }
sdist = { url = "https://files.pythonhosted.org/packages/d6/be/504b89a5e9ca731cd47487e91c469064f8ae5af93b7259758dcfc2b9c848/multidict-6.1.0.tar.gz", hash = "sha256:22ae2ebf9b0c69d206c003e2f6a914ea33f0a932d4aa16f236afc049d9958f4a", size = 64002 }
wheels = [
    { url = "https://files.pythonhosted.org/packages/22/67/1c7c0f39fe069aa4e5d794f323be24bf4d33d62d2a348acdb7991f8f30db/multidict-6.1.0-cp313-cp313-macosx_10_13_universal2.whl", hash = "sha256:d569388c381b24671589335a3be6e1d45546c2988c2ebe30fdcada8457a31008", size = 48771 },
    { url = "https://files.pythonhosted.org/packages/3c/25/c186ee7b212bdf0df2519eacfb1981a017bda34392c67542c274651daf23/multidict-6.1.0-cp313-cp313-macosx_10_13_x86_64.whl", hash = "sha256:052e10d2d37810b99cc170b785945421141bf7bb7d2f8799d431e7db229c385f", size = 29533 },
    { url = "https://files.pythonhosted.org/packages/67/5e/04575fd837e0958e324ca035b339cea174554f6f641d3fb2b4f2e7ff44a2/multidict-6.1.0-cp313-cp313-macosx_11_0_arm64.whl", hash = "sha256:f90c822a402cb865e396a504f9fc8173ef34212a342d92e362ca498cad308e28", size = 29595 },
    { url = "https://files.pythonhosted.org/packages/d3/b2/e56388f86663810c07cfe4a3c3d87227f3811eeb2d08450b9e5d19d78876/multidict-6.1.0-cp313-cp313-manylinux_2_17_aarch64.manylinux2014_aarch64.whl", hash = "sha256:b225d95519a5bf73860323e633a664b0d85ad3d5bede6d30d95b35d4dfe8805b", size = 130094 },
    { url = "https://files.pythonhosted.org/packages/6c/ee/30ae9b4186a644d284543d55d491fbd4239b015d36b23fea43b4c94f7052/multidict-6.1.0-cp313-cp313-manylinux_2_17_ppc64le.manylinux2014_ppc64le.whl", hash = "sha256:23bfd518810af7de1116313ebd9092cb9aa629beb12f6ed631ad53356ed6b86c", size = 134876 },
    { url = "https://files.pythonhosted.org/packages/84/c7/70461c13ba8ce3c779503c70ec9d0345ae84de04521c1f45a04d5f48943d/multidict-6.1.0-cp313-cp313-manylinux_2_17_s390x.manylinux2014_s390x.whl", hash = "sha256:5c09fcfdccdd0b57867577b719c69e347a436b86cd83747f179dbf0cc0d4c1f3", size = 133500 },
    { url = "https://files.pythonhosted.org/packages/4a/9f/002af221253f10f99959561123fae676148dd730e2daa2cd053846a58507/multidict-6.1.0-cp313-cp313-manylinux_2_17_x86_64.manylinux2014_x86_64.whl", hash = "sha256:bf6bea52ec97e95560af5ae576bdac3aa3aae0b6758c6efa115236d9e07dae44", size = 131099 },
    { url = "https://files.pythonhosted.org/packages/82/42/d1c7a7301d52af79d88548a97e297f9d99c961ad76bbe6f67442bb77f097/multidict-6.1.0-cp313-cp313-manylinux_2_5_i686.manylinux1_i686.manylinux_2_17_i686.manylinux2014_i686.whl", hash = "sha256:57feec87371dbb3520da6192213c7d6fc892d5589a93db548331954de8248fd2", size = 120403 },
    { url = "https://files.pythonhosted.org/packages/68/f3/471985c2c7ac707547553e8f37cff5158030d36bdec4414cb825fbaa5327/multidict-6.1.0-cp313-cp313-musllinux_1_2_aarch64.whl", hash = "sha256:0c3f390dc53279cbc8ba976e5f8035eab997829066756d811616b652b00a23a3", size = 125348 },
    { url = "https://files.pythonhosted.org/packages/67/2c/e6df05c77e0e433c214ec1d21ddd203d9a4770a1f2866a8ca40a545869a0/multidict-6.1.0-cp313-cp313-musllinux_1_2_i686.whl", hash = "sha256:59bfeae4b25ec05b34f1956eaa1cb38032282cd4dfabc5056d0a1ec4d696d3aa", size = 119673 },
    { url = "https://files.pythonhosted.org/packages/c5/cd/bc8608fff06239c9fb333f9db7743a1b2eafe98c2666c9a196e867a3a0a4/multidict-6.1.0-cp313-cp313-musllinux_1_2_ppc64le.whl", hash = "sha256:b2f59caeaf7632cc633b5cf6fc449372b83bbdf0da4ae04d5be36118e46cc0aa", size = 129927 },
    { url = "https://files.pythonhosted.org/packages/44/8e/281b69b7bc84fc963a44dc6e0bbcc7150e517b91df368a27834299a526ac/multidict-6.1.0-cp313-cp313-musllinux_1_2_s390x.whl", hash = "sha256:37bb93b2178e02b7b618893990941900fd25b6b9ac0fa49931a40aecdf083fe4", size = 128711 },
    { url = "https://files.pythonhosted.org/packages/12/a4/63e7cd38ed29dd9f1881d5119f272c898ca92536cdb53ffe0843197f6c85/multidict-6.1.0-cp313-cp313-musllinux_1_2_x86_64.whl", hash = "sha256:4e9f48f58c2c523d5a06faea47866cd35b32655c46b443f163d08c6d0ddb17d6", size = 125519 },
    { url = "https://files.pythonhosted.org/packages/38/e0/4f5855037a72cd8a7a2f60a3952d9aa45feedb37ae7831642102604e8a37/multidict-6.1.0-cp313-cp313-win32.whl", hash = "sha256:3a37ffb35399029b45c6cc33640a92bef403c9fd388acce75cdc88f58bd19a81", size = 26426 },
    { url = "https://files.pythonhosted.org/packages/7e/a5/17ee3a4db1e310b7405f5d25834460073a8ccd86198ce044dfaf69eac073/multidict-6.1.0-cp313-cp313-win_amd64.whl", hash = "sha256:e9aa71e15d9d9beaad2c6b9319edcdc0a49a43ef5c0a4c8265ca9ee7d6c67774", size = 28531 },
    { url = "https://files.pythonhosted.org/packages/99/b7/b9e70fde2c0f0c9af4cc5277782a89b66d35948ea3369ec9f598358c3ac5/multidict-6.1.0-py3-none-any.whl", hash = "sha256:48e171e52d1c4d33888e529b999e5900356b9ae588c2f09a52dcefb158b27506", size = 10051 },
]

[[package]]
name = "propcache"
version = "0.2.0"
source = { registry = "https://pypi.org/simple" }
sdist = { url = "https://files.pythonhosted.org/packages/a9/4d/5e5a60b78dbc1d464f8a7bbaeb30957257afdc8512cbb9dfd5659304f5cd/propcache-0.2.0.tar.gz", hash = "sha256:df81779732feb9d01e5d513fad0122efb3d53bbc75f61b2a4f29a020bc985e70", size = 40951 }
wheels = [
    { url = "https://files.pythonhosted.org/packages/a8/a7/5f37b69197d4f558bfef5b4bceaff7c43cc9b51adf5bd75e9081d7ea80e4/propcache-0.2.0-cp313-cp313-macosx_10_13_universal2.whl", hash = "sha256:ecddc221a077a8132cf7c747d5352a15ed763b674c0448d811f408bf803d9ad7", size = 78120 },
    { url = "https://files.pythonhosted.org/packages/c8/cd/48ab2b30a6b353ecb95a244915f85756d74f815862eb2ecc7a518d565b48/propcache-0.2.0-cp313-cp313-macosx_10_13_x86_64.whl", hash = "sha256:0e53cb83fdd61cbd67202735e6a6687a7b491c8742dfc39c9e01e80354956763", size = 45127 },
    { url = "https://files.pythonhosted.org/packages/a5/ba/0a1ef94a3412aab057bd996ed5f0ac7458be5bf469e85c70fa9ceb43290b/propcache-0.2.0-cp313-cp313-macosx_11_0_arm64.whl", hash = "sha256:92fe151145a990c22cbccf9ae15cae8ae9eddabfc949a219c9f667877e40853d", size = 44419 },
    { url = "https://files.pythonhosted.org/packages/b4/6c/ca70bee4f22fa99eacd04f4d2f1699be9d13538ccf22b3169a61c60a27fa/propcache-0.2.0-cp313-cp313-manylinux_2_17_aarch64.manylinux2014_aarch64.whl", hash = "sha256:d6a21ef516d36909931a2967621eecb256018aeb11fc48656e3257e73e2e247a", size = 229611 },
    { url = "https://files.pythonhosted.org/packages/19/70/47b872a263e8511ca33718d96a10c17d3c853aefadeb86dc26e8421184b9/propcache-0.2.0-cp313-cp313-manylinux_2_17_ppc64le.manylinux2014_ppc64le.whl", hash = "sha256:3f88a4095e913f98988f5b338c1d4d5d07dbb0b6bad19892fd447484e483ba6b", size = 234005 },
    { url = "https://files.pythonhosted.org/packages/4f/be/3b0ab8c84a22e4a3224719099c1229ddfdd8a6a1558cf75cb55ee1e35c25/propcache-0.2.0-cp313-cp313-manylinux_2_17_s390x.manylinux2014_s390x.whl", hash = "sha256:5a5b3bb545ead161be780ee85a2b54fdf7092815995661947812dde94a40f6fb", size = 237270 },
    { url = "https://files.pythonhosted.org/packages/04/d8/f071bb000d4b8f851d312c3c75701e586b3f643fe14a2e3409b1b9ab3936/propcache-0.2.0-cp313-cp313-manylinux_2_17_x86_64.manylinux2014_x86_64.whl", hash = "sha256:67aeb72e0f482709991aa91345a831d0b707d16b0257e8ef88a2ad246a7280bf", size = 231877 },
    { url = "https://files.pythonhosted.org/packages/93/e7/57a035a1359e542bbb0a7df95aad6b9871ebee6dce2840cb157a415bd1f3/propcache-0.2.0-cp313-cp313-manylinux_2_5_i686.manylinux1_i686.manylinux_2_17_i686.manylinux2014_i686.whl", hash = "sha256:3c997f8c44ec9b9b0bcbf2d422cc00a1d9b9c681f56efa6ca149a941e5560da2", size = 217848 },
    { url = "https://files.pythonhosted.org/packages/f0/93/d1dea40f112ec183398fb6c42fde340edd7bab202411c4aa1a8289f461b6/propcache-0.2.0-cp313-cp313-musllinux_1_2_aarch64.whl", hash = "sha256:2a66df3d4992bc1d725b9aa803e8c5a66c010c65c741ad901e260ece77f58d2f", size = 216987 },
    { url = "https://files.pythonhosted.org/packages/62/4c/877340871251145d3522c2b5d25c16a1690ad655fbab7bb9ece6b117e39f/propcache-0.2.0-cp313-cp313-musllinux_1_2_armv7l.whl", hash = "sha256:3ebbcf2a07621f29638799828b8d8668c421bfb94c6cb04269130d8de4fb7136", size = 212451 },
    { url = "https://files.pythonhosted.org/packages/7c/bb/a91b72efeeb42906ef58ccf0cdb87947b54d7475fee3c93425d732f16a61/propcache-0.2.0-cp313-cp313-musllinux_1_2_i686.whl", hash = "sha256:1235c01ddaa80da8235741e80815ce381c5267f96cc49b1477fdcf8c047ef325", size = 212879 },
    { url = "https://files.pythonhosted.org/packages/9b/7f/ee7fea8faac57b3ec5d91ff47470c6c5d40d7f15d0b1fccac806348fa59e/propcache-0.2.0-cp313-cp313-musllinux_1_2_ppc64le.whl", hash = "sha256:3947483a381259c06921612550867b37d22e1df6d6d7e8361264b6d037595f44", size = 222288 },
    { url = "https://files.pythonhosted.org/packages/ff/d7/acd67901c43d2e6b20a7a973d9d5fd543c6e277af29b1eb0e1f7bd7ca7d2/propcache-0.2.0-cp313-cp313-musllinux_1_2_s390x.whl", hash = "sha256:d5bed7f9805cc29c780f3aee05de3262ee7ce1f47083cfe9f77471e9d6777e83", size = 228257 },
    { url = "https://files.pythonhosted.org/packages/8d/6f/6272ecc7a8daad1d0754cfc6c8846076a8cb13f810005c79b15ce0ef0cf2/propcache-0.2.0-cp313-cp313-musllinux_1_2_x86_64.whl", hash = "sha256:e4a91d44379f45f5e540971d41e4626dacd7f01004826a18cb048e7da7e96544", size = 221075 },
    { url = "https://files.pythonhosted.org/packages/7c/bd/c7a6a719a6b3dd8b3aeadb3675b5783983529e4a3185946aa444d3e078f6/propcache-0.2.0-cp313-cp313-win32.whl", hash = "sha256:f902804113e032e2cdf8c71015651c97af6418363bea8d78dc0911d56c335032", size = 39654 },
    { url = "https://files.pythonhosted.org/packages/88/e7/0eef39eff84fa3e001b44de0bd41c7c0e3432e7648ffd3d64955910f002d/propcache-0.2.0-cp313-cp313-win_amd64.whl", hash = "sha256:8f188cfcc64fb1266f4684206c9de0e80f54622c3f22a910cbd200478aeae61e", size = 43705 },
    { url = "https://files.pythonhosted.org/packages/3d/b6/e6d98278f2d49b22b4d033c9f792eda783b9ab2094b041f013fc69bcde87/propcache-0.2.0-py3-none-any.whl", hash = "sha256:2ccc28197af5313706511fab3a8b66dcd6da067a1331372c82ea1cb74285e036", size = 11603 },
]

[[package]]
name = "pyyaml"
version = "6.0.2"
source = { registry = "https://pypi.org/simple" }
sdist = { url = "https://files.pythonhosted.org/packages/54/ed/79a089b6be93607fa5cdaedf301d7dfb23af5f25c398d5ead2525b063e17/pyyaml-6.0.2.tar.gz", hash = "sha256:d584d9ec91ad65861cc08d42e834324ef890a082e591037abe114850ff7bbc3e", size = 130631 }
wheels = [
    { url = "https://files.pythonhosted.org/packages/ef/e3/3af305b830494fa85d95f6d95ef7fa73f2ee1cc8ef5b495c7c3269fb835f/PyYAML-6.0.2-cp313-cp313-macosx_10_13_x86_64.whl", hash = "sha256:efdca5630322a10774e8e98e1af481aad470dd62c3170801852d752aa7a783ba", size = 181309 },
    { url = "https://files.pythonhosted.org/packages/45/9f/3b1c20a0b7a3200524eb0076cc027a970d320bd3a6592873c85c92a08731/PyYAML-6.0.2-cp313-cp313-macosx_11_0_arm64.whl", hash = "sha256:50187695423ffe49e2deacb8cd10510bc361faac997de9efef88badc3bb9e2d1", size = 171679 },
    { url = "https://files.pythonhosted.org/packages/7c/9a/337322f27005c33bcb656c655fa78325b730324c78620e8328ae28b64d0c/PyYAML-6.0.2-cp313-cp313-manylinux_2_17_aarch64.manylinux2014_aarch64.whl", hash = "sha256:0ffe8360bab4910ef1b9e87fb812d8bc0a308b0d0eef8c8f44e0254ab3b07133", size = 733428 },
    { url = "https://files.pythonhosted.org/packages/a3/69/864fbe19e6c18ea3cc196cbe5d392175b4cf3d5d0ac1403ec3f2d237ebb5/PyYAML-6.0.2-cp313-cp313-manylinux_2_17_s390x.manylinux2014_s390x.whl", hash = "sha256:17e311b6c678207928d649faa7cb0d7b4c26a0ba73d41e99c4fff6b6c3276484", size = 763361 },
    { url = "https://files.pythonhosted.org/packages/04/24/b7721e4845c2f162d26f50521b825fb061bc0a5afcf9a386840f23ea19fa/PyYAML-6.0.2-cp313-cp313-manylinux_2_17_x86_64.manylinux2014_x86_64.whl", hash = "sha256:70b189594dbe54f75ab3a1acec5f1e3faa7e8cf2f1e08d9b561cb41b845f69d5", size = 759523 },
    { url = "https://files.pythonhosted.org/packages/2b/b2/e3234f59ba06559c6ff63c4e10baea10e5e7df868092bf9ab40e5b9c56b6/PyYAML-6.0.2-cp313-cp313-musllinux_1_1_aarch64.whl", hash = "sha256:41e4e3953a79407c794916fa277a82531dd93aad34e29c2a514c2c0c5fe971cc", size = 726660 },
    { url = "https://files.pythonhosted.org/packages/fe/0f/25911a9f080464c59fab9027482f822b86bf0608957a5fcc6eaac85aa515/PyYAML-6.0.2-cp313-cp313-musllinux_1_1_x86_64.whl", hash = "sha256:68ccc6023a3400877818152ad9a1033e3db8625d899c72eacb5a668902e4d652", size = 751597 },
    { url = "https://files.pythonhosted.org/packages/14/0d/e2c3b43bbce3cf6bd97c840b46088a3031085179e596d4929729d8d68270/PyYAML-6.0.2-cp313-cp313-win32.whl", hash = "sha256:bc2fa7c6b47d6bc618dd7fb02ef6fdedb1090ec036abab80d4681424b84c1183", size = 140527 },
    { url = "https://files.pythonhosted.org/packages/fa/de/02b54f42487e3d3c6efb3f89428677074ca7bf43aae402517bc7cca949f3/PyYAML-6.0.2-cp313-cp313-win_amd64.whl", hash = "sha256:8388ee1976c416731879ac16da0aff3f63b286ffdd57cdeb95f3f2e085687563", size = 156446 },
]

[[package]]
name = "urllib3"
version = "1.26.20"
source = { registry = "https://pypi.org/simple" }
sdist = { url = "https://files.pythonhosted.org/packages/e4/e8/6ff5e6bc22095cfc59b6ea711b687e2b7ed4bdb373f7eeec370a97d7392f/urllib3-1.26.20.tar.gz", hash = "sha256:40c2dc0c681e47eb8f90e7e27bf6ff7df2e677421fd46756da1161c39ca70d32", size = 307380 }
wheels = [
    { url = "https://files.pythonhosted.org/packages/33/cf/8435d5a7159e2a9c83a95896ed596f68cf798005fe107cc655b5c5c14704/urllib3-1.26.20-py2.py3-none-any.whl", hash = "sha256:0ed14ccfbf1c30a9072c7ca157e4319b70d65f623e91e7b32fadb2853431016e", size = 144225 },
]

[[package]]
name = "uv-vcrpy-urllib3"
version = "0.1.0"
source = { editable = "." }
dependencies = [
    { name = "vcrpy" },
]

[package.metadata]
requires-dist = [{ name = "vcrpy", specifier = ">=6.0.2" }]

[[package]]
name = "vcrpy"
version = "6.0.2"
source = { registry = "https://pypi.org/simple" }
dependencies = [
    { name = "pyyaml" },
    { name = "urllib3" },
    { name = "wrapt" },
    { name = "yarl" },
]
sdist = { url = "https://files.pythonhosted.org/packages/16/4e/fff59599826793f9e3460c22c0af0377abb27dc9781a7d5daca8cb03da25/vcrpy-6.0.2.tar.gz", hash = "sha256:88e13d9111846745898411dbc74a75ce85870af96dd320d75f1ee33158addc09", size = 85472 }
wheels = [
    { url = "https://files.pythonhosted.org/packages/da/ed/25d19705791d3fccc84423d564695421a75b4e08e8ab15a004a49068742d/vcrpy-6.0.2-py2.py3-none-any.whl", hash = "sha256:40370223861181bc76a5e5d4b743a95058bb1ad516c3c08570316ab592f56cad", size = 42431 },
]

[[package]]
name = "wrapt"
version = "1.16.0"
source = { registry = "https://pypi.org/simple" }
sdist = { url = "https://files.pythonhosted.org/packages/95/4c/063a912e20bcef7124e0df97282a8af3ff3e4b603ce84c481d6d7346be0a/wrapt-1.16.0.tar.gz", hash = "sha256:5f370f952971e7d17c7d1ead40e49f32345a7f7a5373571ef44d800d06b1899d", size = 53972 }
wheels = [
    { url = "https://files.pythonhosted.org/packages/ff/21/abdedb4cdf6ff41ebf01a74087740a709e2edb146490e4d9beea054b0b7a/wrapt-1.16.0-py3-none-any.whl", hash = "sha256:6906c4100a8fcbf2fa735f6059214bb13b97f75b1a61777fcf6432121ef12ef1", size = 23362 },
]

[[package]]
name = "yarl"
version = "1.17.1"
source = { registry = "https://pypi.org/simple" }
dependencies = [
    { name = "idna" },
    { name = "multidict" },
    { name = "propcache" },
]
sdist = { url = "https://files.pythonhosted.org/packages/54/9c/9c0a9bfa683fc1be7fdcd9687635151544d992cccd48892dc5e0a5885a29/yarl-1.17.1.tar.gz", hash = "sha256:067a63fcfda82da6b198fa73079b1ca40b7c9b7994995b6ee38acda728b64d47", size = 178163 }
wheels = [
    { url = "https://files.pythonhosted.org/packages/06/1e/5a93e3743c20eefbc68bd89334d9c9f04f3f2334380f7bbf5e950f29511b/yarl-1.17.1-cp313-cp313-macosx_10_13_universal2.whl", hash = "sha256:5d1d42556b063d579cae59e37a38c61f4402b47d70c29f0ef15cee1acaa64488", size = 139974 },
    { url = "https://files.pythonhosted.org/packages/a1/be/4e0f6919013c7c5eaea5c31811c551ccd599d2fc80aa3dd6962f1bbdcddd/yarl-1.17.1-cp313-cp313-macosx_10_13_x86_64.whl", hash = "sha256:c0167540094838ee9093ef6cc2c69d0074bbf84a432b4995835e8e5a0d984374", size = 93364 },
    { url = "https://files.pythonhosted.org/packages/73/f0/650f994bc491d0cb85df8bb45392780b90eab1e175f103a5edc61445ff67/yarl-1.17.1-cp313-cp313-macosx_11_0_arm64.whl", hash = "sha256:2f0a6423295a0d282d00e8701fe763eeefba8037e984ad5de44aa349002562ac", size = 91177 },
    { url = "https://files.pythonhosted.org/packages/f3/e8/9945ed555d14b43ede3ae8b1bd73e31068a694cad2b9d3cad0a28486c2eb/yarl-1.17.1-cp313-cp313-manylinux_2_17_aarch64.manylinux2014_aarch64.whl", hash = "sha256:e5b078134f48552c4d9527db2f7da0b5359abd49393cdf9794017baec7506170", size = 333086 },
    { url = "https://files.pythonhosted.org/packages/a6/c0/7d167e48e14d26639ca066825af8da7df1d2fcdba827e3fd6341aaf22a3b/yarl-1.17.1-cp313-cp313-manylinux_2_17_ppc64le.manylinux2014_ppc64le.whl", hash = "sha256:d401f07261dc5aa36c2e4efc308548f6ae943bfff20fcadb0a07517a26b196d8", size = 343661 },
    { url = "https://files.pythonhosted.org/packages/fa/81/80a266517531d4e3553aecd141800dbf48d02e23ebd52909e63598a80134/yarl-1.17.1-cp313-cp313-manylinux_2_17_s390x.manylinux2014_s390x.whl", hash = "sha256:b5f1ac7359e17efe0b6e5fec21de34145caef22b260e978336f325d5c84e6938", size = 345196 },
    { url = "https://files.pythonhosted.org/packages/b0/77/6adc482ba7f2dc6c0d9b3b492e7cd100edfac4cfc3849c7ffa26fd7beb1a/yarl-1.17.1-cp313-cp313-manylinux_2_17_x86_64.manylinux2014_x86_64.whl", hash = "sha256:7f63d176a81555984e91f2c84c2a574a61cab7111cc907e176f0f01538e9ff6e", size = 338743 },
    { url = "https://files.pythonhosted.org/packages/6d/cc/f0c4c0b92ff3ada517ffde2b127406c001504b225692216d969879ada89a/yarl-1.17.1-cp313-cp313-manylinux_2_5_i686.manylinux1_i686.manylinux_2_17_i686.manylinux2014_i686.whl", hash = "sha256:9e275792097c9f7e80741c36de3b61917aebecc08a67ae62899b074566ff8556", size = 326719 },
    { url = "https://files.pythonhosted.org/packages/18/3b/7bfc80d3376b5fa162189993a87a5a6a58057f88315bd0ea00610055b57a/yarl-1.17.1-cp313-cp313-musllinux_1_2_aarch64.whl", hash = "sha256:81713b70bea5c1386dc2f32a8f0dab4148a2928c7495c808c541ee0aae614d67", size = 345826 },
    { url = "https://files.pythonhosted.org/packages/2e/66/cf0b0338107a5c370205c1a572432af08f36ca12ecce127f5b558398b4fd/yarl-1.17.1-cp313-cp313-musllinux_1_2_armv7l.whl", hash = "sha256:aa46dce75078fceaf7cecac5817422febb4355fbdda440db55206e3bd288cfb8", size = 340335 },
    { url = "https://files.pythonhosted.org/packages/2f/52/b084b0eec0fd4d2490e1d33ace3320fad704c5f1f3deaa709f929d2d87fc/yarl-1.17.1-cp313-cp313-musllinux_1_2_i686.whl", hash = "sha256:1ce36ded585f45b1e9bb36d0ae94765c6608b43bd2e7f5f88079f7a85c61a4d3", size = 345301 },
    { url = "https://files.pythonhosted.org/packages/ef/38/9e2036d948efd3bafcdb4976cb212166fded76615f0dfc6c1492c4ce4784/yarl-1.17.1-cp313-cp313-musllinux_1_2_ppc64le.whl", hash = "sha256:2d374d70fdc36f5863b84e54775452f68639bc862918602d028f89310a034ab0", size = 354205 },
    { url = "https://files.pythonhosted.org/packages/81/c1/13dfe1e70b86811733316221c696580725ceb1c46d4e4db852807e134310/yarl-1.17.1-cp313-cp313-musllinux_1_2_s390x.whl", hash = "sha256:2d9f0606baaec5dd54cb99667fcf85183a7477f3766fbddbe3f385e7fc253299", size = 360501 },
    { url = "https://files.pythonhosted.org/packages/91/87/756e05c74cd8bf9e71537df4a2cae7e8211a9ebe0d2350a3e26949e1e41c/yarl-1.17.1-cp313-cp313-musllinux_1_2_x86_64.whl", hash = "sha256:b0341e6d9a0c0e3cdc65857ef518bb05b410dbd70d749a0d33ac0f39e81a4258", size = 359452 },
    { url = "https://files.pythonhosted.org/packages/06/b2/b2bb09c1e6d59e1c9b1b36a86caa473e22c3dbf26d1032c030e9bfb554dc/yarl-1.17.1-cp313-cp313-win32.whl", hash = "sha256:2e7ba4c9377e48fb7b20dedbd473cbcbc13e72e1826917c185157a137dac9df2", size = 308904 },
    { url = "https://files.pythonhosted.org/packages/f3/27/f084d9a5668853c1f3b246620269b14ee871ef3c3cc4f3a1dd53645b68ec/yarl-1.17.1-cp313-cp313-win_amd64.whl", hash = "sha256:949681f68e0e3c25377462be4b658500e85ca24323d9619fdc41f68d46a1ffda", size = 314637 },
    { url = "https://files.pythonhosted.org/packages/52/ad/1fe7ff5f3e8869d4c5070f47b96bac2b4d15e67c100a8278d8e7876329fc/yarl-1.17.1-py3-none-any.whl", hash = "sha256:f1790a4b1e8e8e028c391175433b9c8122c39b46e1663228158e61e6f915bf06", size = 44352 },
]
